# This file was autogenerated by Stack.
# You should not edit this file by hand.
# For more information, please see the documentation at:
#   https://docs.haskellstack.org/en/stable/lock_files

packages:
- completed:
    commit: 79cc6502b48e577632d57b3a9b479436b0739726
    git: https://github.com/yav/graphmod.git
    name: graphmod
    pantry-tree:
      sha256: e1c6c335ece94f7509aeedf238ce39e700581f77685fc10ec5d2a3dd7e5f5e16
      size: 2872
    version: 1.4.5
  original:
    commit: 79cc6502b48e577632d57b3a9b479436b0739726
    git: https://github.com/yav/graphmod.git
snapshots:
- completed:
    sha256: e5f56f619132209b826084cacd6374d7f0344cc88a9d1d305878190e4204ae1f
    size: 619205
    url: https://raw.githubusercontent.com/commercialhaskell/stackage-snapshots/master/lts/19/31.yaml
  original:
    url: https://raw.githubusercontent.com/commercialhaskell/stackage-snapshots/master/lts/19/31.yaml
